// !$*UTF8*$!
{
	archiveVersion = 1;
	classes = {
	};
	objectVersion = 46;
	objects = {

/* Begin PBXBuildFile section */
		C723B14C15B75299006D8A0B /* CPPinAnnotationView.m in Sources */ = {isa = PBXBuildFile; fileRef = C723B14B15B75299006D8A0B /* CPPinAnnotationView.m */; };
		C72A65E015B4D1A600E95458 /* UIKit.framework in Frameworks */ = {isa = PBXBuildFile; fileRef = C72A65DF15B4D1A600E95458 /* UIKit.framework */; };
		C72A65E215B4D1A600E95458 /* Foundation.framework in Frameworks */ = {isa = PBXBuildFile; fileRef = C72A65E115B4D1A600E95458 /* Foundation.framework */; };
		C72A65E415B4D1A600E95458 /* CoreGraphics.framework in Frameworks */ = {isa = PBXBuildFile; fileRef = C72A65E315B4D1A600E95458 /* CoreGraphics.framework */; };
		C72A65EA15B4D1A600E95458 /* InfoPlist.strings in Resources */ = {isa = PBXBuildFile; fileRef = C72A65E815B4D1A600E95458 /* InfoPlist.strings */; };
		C72A65EC15B4D1A600E95458 /* main.m in Sources */ = {isa = PBXBuildFile; fileRef = C72A65EB15B4D1A600E95458 /* main.m */; };
		C72A65F015B4D1A600E95458 /* CPAppDelegate.m in Sources */ = {isa = PBXBuildFile; fileRef = C72A65EF15B4D1A600E95458 /* CPAppDelegate.m */; };
		C72A65F315B4D1A600E95458 /* MainStoryboard.storyboard in Resources */ = {isa = PBXBuildFile; fileRef = C72A65F115B4D1A600E95458 /* MainStoryboard.storyboard */; };
		C72A65F615B4D1A600E95458 /* CPViewController.m in Sources */ = {isa = PBXBuildFile; fileRef = C72A65F515B4D1A600E95458 /* CPViewController.m */; };
		C72A65FE15B4D1A600E95458 /* SenTestingKit.framework in Frameworks */ = {isa = PBXBuildFile; fileRef = C72A65FD15B4D1A600E95458 /* SenTestingKit.framework */; };
		C72A65FF15B4D1A600E95458 /* UIKit.framework in Frameworks */ = {isa = PBXBuildFile; fileRef = C72A65DF15B4D1A600E95458 /* UIKit.framework */; };
		C72A660015B4D1A600E95458 /* Foundation.framework in Frameworks */ = {isa = PBXBuildFile; fileRef = C72A65E115B4D1A600E95458 /* Foundation.framework */; };
		C72A660815B4D1A600E95458 /* InfoPlist.strings in Resources */ = {isa = PBXBuildFile; fileRef = C72A660615B4D1A600E95458 /* InfoPlist.strings */; };
		C72A660B15B4D1A600E95458 /* CPPinAnnotationViewTests.m in Sources */ = {isa = PBXBuildFile; fileRef = C72A660A15B4D1A600E95458 /* CPPinAnnotationViewTests.m */; };
		C72A661915B4D26200E95458 /* MapKit.framework in Frameworks */ = {isa = PBXBuildFile; fileRef = C72A661815B4D26200E95458 /* MapKit.framework */; };
		C72A661C15B4D26B00E95458 /* CoreLocation.framework in Frameworks */ = {isa = PBXBuildFile; fileRef = C72A661B15B4D26B00E95458 /* CoreLocation.framework */; };
		C72A661E15B4D2A700E95458 /* Tjuvholmen.gpx in Resources */ = {isa = PBXBuildFile; fileRef = C72A661D15B4D2A700E95458 /* Tjuvholmen.gpx */; };
		C73623DA15BB36CA00FA0AB2 /* CPCalloutView.m in Sources */ = {isa = PBXBuildFile; fileRef = C73623D915BB36CA00FA0AB2 /* CPCalloutView.m */; };
		C73F0ED815BDECAF005930A4 /* CPLoggerProxy.m in Sources */ = {isa = PBXBuildFile; fileRef = C73F0ED715BDECAF005930A4 /* CPLoggerProxy.m */; };
		C7C99FFA15B98F29006B3865 /* green_pin.png in Resources */ = {isa = PBXBuildFile; fileRef = C7C99F9815B98F29006B3865 /* green_pin.png */; };
		C7C99FFB15B98F29006B3865 /* green_pin@2x.png in Resources */ = {isa = PBXBuildFile; fileRef = C7C99F9915B98F29006B3865 /* green_pin@2x.png */; };
		C7C99FFC15B98F29006B3865 /* green_pin_bounce_frame0.png in Resources */ = {isa = PBXBuildFile; fileRef = C7C99F9A15B98F29006B3865 /* green_pin_bounce_frame0.png */; };
		C7C99FFD15B98F29006B3865 /* green_pin_bounce_frame0@2x.png in Resources */ = {isa = PBXBuildFile; fileRef = C7C99F9B15B98F29006B3865 /* green_pin_bounce_frame0@2x.png */; };
		C7C99FFE15B98F29006B3865 /* green_pin_bounce_frame1.png in Resources */ = {isa = PBXBuildFile; fileRef = C7C99F9C15B98F29006B3865 /* green_pin_bounce_frame1.png */; };
		C7C99FFF15B98F29006B3865 /* green_pin_bounce_frame1@2x.png in Resources */ = {isa = PBXBuildFile; fileRef = C7C99F9D15B98F29006B3865 /* green_pin_bounce_frame1@2x.png */; };
		C7C9A00015B98F29006B3865 /* green_pin_bounce_frame2.png in Resources */ = {isa = PBXBuildFile; fileRef = C7C99F9E15B98F29006B3865 /* green_pin_bounce_frame2.png */; };
		C7C9A00115B98F29006B3865 /* green_pin_bounce_frame2@2x.png in Resources */ = {isa = PBXBuildFile; fileRef = C7C99F9F15B98F29006B3865 /* green_pin_bounce_frame2@2x.png */; };
		C7C9A00215B98F29006B3865 /* green_pin_bounce_frame3.png in Resources */ = {isa = PBXBuildFile; fileRef = C7C99FA015B98F29006B3865 /* green_pin_bounce_frame3.png */; };
		C7C9A00315B98F29006B3865 /* green_pin_bounce_frame3@2x.png in Resources */ = {isa = PBXBuildFile; fileRef = C7C99FA115B98F29006B3865 /* green_pin_bounce_frame3@2x.png */; };
		C7C9A00415B98F29006B3865 /* green_pin_bounce_frame4.png in Resources */ = {isa = PBXBuildFile; fileRef = C7C99FA215B98F29006B3865 /* green_pin_bounce_frame4.png */; };
		C7C9A00515B98F29006B3865 /* green_pin_bounce_frame4@2x.png in Resources */ = {isa = PBXBuildFile; fileRef = C7C99FA315B98F29006B3865 /* green_pin_bounce_frame4@2x.png */; };
		C7C9A00615B98F29006B3865 /* green_pin_bounce_frame5.png in Resources */ = {isa = PBXBuildFile; fileRef = C7C99FA415B98F29006B3865 /* green_pin_bounce_frame5.png */; };
		C7C9A00715B98F29006B3865 /* green_pin_bounce_frame5@2x.png in Resources */ = {isa = PBXBuildFile; fileRef = C7C99FA515B98F29006B3865 /* green_pin_bounce_frame5@2x.png */; };
		C7C9A00815B98F29006B3865 /* green_pin_floating.png in Resources */ = {isa = PBXBuildFile; fileRef = C7C99FA615B98F29006B3865 /* green_pin_floating.png */; };
		C7C9A00915B98F29006B3865 /* green_pin_floating@2x.png in Resources */ = {isa = PBXBuildFile; fileRef = C7C99FA715B98F29006B3865 /* green_pin_floating@2x.png */; };
		C7C9A00A15B98F29006B3865 /* green_pin_highlighted.png in Resources */ = {isa = PBXBuildFile; fileRef = C7C99FA815B98F29006B3865 /* green_pin_highlighted.png */; };
		C7C9A00B15B98F29006B3865 /* green_pin_highlighted@2x.png in Resources */ = {isa = PBXBuildFile; fileRef = C7C99FA915B98F29006B3865 /* green_pin_highlighted@2x.png */; };
		C7C9A00C15B98F29006B3865 /* green_pin_jump_frame0.png in Resources */ = {isa = PBXBuildFile; fileRef = C7C99FAA15B98F29006B3865 /* green_pin_jump_frame0.png */; };
		C7C9A00D15B98F29006B3865 /* green_pin_jump_frame0@2x.png in Resources */ = {isa = PBXBuildFile; fileRef = C7C99FAB15B98F29006B3865 /* green_pin_jump_frame0@2x.png */; };
		C7C9A00E15B98F29006B3865 /* green_pin_jump_frame1.png in Resources */ = {isa = PBXBuildFile; fileRef = C7C99FAC15B98F29006B3865 /* green_pin_jump_frame1.png */; };
		C7C9A00F15B98F29006B3865 /* green_pin_jump_frame1@2x.png in Resources */ = {isa = PBXBuildFile; fileRef = C7C99FAD15B98F29006B3865 /* green_pin_jump_frame1@2x.png */; };
		C7C9A01015B98F29006B3865 /* green_pin_jump_frame2.png in Resources */ = {isa = PBXBuildFile; fileRef = C7C99FAE15B98F29006B3865 /* green_pin_jump_frame2.png */; };
		C7C9A01115B98F29006B3865 /* green_pin_jump_frame2@2x.png in Resources */ = {isa = PBXBuildFile; fileRef = C7C99FAF15B98F29006B3865 /* green_pin_jump_frame2@2x.png */; };
		C7C9A01215B98F29006B3865 /* green_pin_jump_frame3.png in Resources */ = {isa = PBXBuildFile; fileRef = C7C99FB015B98F29006B3865 /* green_pin_jump_frame3.png */; };
		C7C9A01315B98F29006B3865 /* green_pin_jump_frame3@2x.png in Resources */ = {isa = PBXBuildFile; fileRef = C7C99FB115B98F29006B3865 /* green_pin_jump_frame3@2x.png */; };
		C7C9A01415B98F29006B3865 /* green_pin_jump_frame4.png in Resources */ = {isa = PBXBuildFile; fileRef = C7C99FB215B98F29006B3865 /* green_pin_jump_frame4.png */; };
		C7C9A01515B98F29006B3865 /* green_pin_jump_frame4@2x.png in Resources */ = {isa = PBXBuildFile; fileRef = C7C99FB315B98F29006B3865 /* green_pin_jump_frame4@2x.png */; };
		C7C9A01615B98F29006B3865 /* green_pin_jump_frame5.png in Resources */ = {isa = PBXBuildFile; fileRef = C7C99FB415B98F29006B3865 /* green_pin_jump_frame5.png */; };
		C7C9A01715B98F29006B3865 /* green_pin_jump_frame5@2x.png in Resources */ = {isa = PBXBuildFile; fileRef = C7C99FB515B98F29006B3865 /* green_pin_jump_frame5@2x.png */; };
		C7C9A01815B98F29006B3865 /* green_pin_jump_frame6.png in Resources */ = {isa = PBXBuildFile; fileRef = C7C99FB615B98F29006B3865 /* green_pin_jump_frame6.png */; };
		C7C9A01915B98F29006B3865 /* green_pin_jump_frame6@2x.png in Resources */ = {isa = PBXBuildFile; fileRef = C7C99FB715B98F29006B3865 /* green_pin_jump_frame6@2x.png */; };
		C7C9A01A15B98F29006B3865 /* purple_pin.png in Resources */ = {isa = PBXBuildFile; fileRef = C7C99FB815B98F29006B3865 /* purple_pin.png */; };
		C7C9A01B15B98F29006B3865 /* purple_pin@2x.png in Resources */ = {isa = PBXBuildFile; fileRef = C7C99FB915B98F29006B3865 /* purple_pin@2x.png */; };
		C7C9A01C15B98F29006B3865 /* purple_pin_bounce_frame0.png in Resources */ = {isa = PBXBuildFile; fileRef = C7C99FBA15B98F29006B3865 /* purple_pin_bounce_frame0.png */; };
		C7C9A01D15B98F29006B3865 /* purple_pin_bounce_frame0@2x.png in Resources */ = {isa = PBXBuildFile; fileRef = C7C99FBB15B98F29006B3865 /* purple_pin_bounce_frame0@2x.png */; };
		C7C9A01E15B98F29006B3865 /* purple_pin_bounce_frame1.png in Resources */ = {isa = PBXBuildFile; fileRef = C7C99FBC15B98F29006B3865 /* purple_pin_bounce_frame1.png */; };
		C7C9A01F15B98F29006B3865 /* purple_pin_bounce_frame1@2x.png in Resources */ = {isa = PBXBuildFile; fileRef = C7C99FBD15B98F29006B3865 /* purple_pin_bounce_frame1@2x.png */; };
		C7C9A02015B98F29006B3865 /* purple_pin_bounce_frame2.png in Resources */ = {isa = PBXBuildFile; fileRef = C7C99FBE15B98F29006B3865 /* purple_pin_bounce_frame2.png */; };
		C7C9A02115B98F29006B3865 /* purple_pin_bounce_frame2@2x.png in Resources */ = {isa = PBXBuildFile; fileRef = C7C99FBF15B98F29006B3865 /* purple_pin_bounce_frame2@2x.png */; };
		C7C9A02215B98F29006B3865 /* purple_pin_bounce_frame3.png in Resources */ = {isa = PBXBuildFile; fileRef = C7C99FC015B98F29006B3865 /* purple_pin_bounce_frame3.png */; };
		C7C9A02315B98F29006B3865 /* purple_pin_bounce_frame3@2x.png in Resources */ = {isa = PBXBuildFile; fileRef = C7C99FC115B98F29006B3865 /* purple_pin_bounce_frame3@2x.png */; };
		C7C9A02415B98F29006B3865 /* purple_pin_bounce_frame4.png in Resources */ = {isa = PBXBuildFile; fileRef = C7C99FC215B98F29006B3865 /* purple_pin_bounce_frame4.png */; };
		C7C9A02515B98F29006B3865 /* purple_pin_bounce_frame4@2x.png in Resources */ = {isa = PBXBuildFile; fileRef = C7C99FC315B98F29006B3865 /* purple_pin_bounce_frame4@2x.png */; };
		C7C9A02615B98F29006B3865 /* purple_pin_bounce_frame5.png in Resources */ = {isa = PBXBuildFile; fileRef = C7C99FC415B98F29006B3865 /* purple_pin_bounce_frame5.png */; };
		C7C9A02715B98F29006B3865 /* purple_pin_bounce_frame5@2x.png in Resources */ = {isa = PBXBuildFile; fileRef = C7C99FC515B98F29006B3865 /* purple_pin_bounce_frame5@2x.png */; };
		C7C9A02815B98F29006B3865 /* purple_pin_floating.png in Resources */ = {isa = PBXBuildFile; fileRef = C7C99FC615B98F29006B3865 /* purple_pin_floating.png */; };
		C7C9A02915B98F29006B3865 /* purple_pin_floating@2x.png in Resources */ = {isa = PBXBuildFile; fileRef = C7C99FC715B98F29006B3865 /* purple_pin_floating@2x.png */; };
		C7C9A02A15B98F29006B3865 /* purple_pin_highlighted.png in Resources */ = {isa = PBXBuildFile; fileRef = C7C99FC815B98F29006B3865 /* purple_pin_highlighted.png */; };
		C7C9A02B15B98F29006B3865 /* purple_pin_highlighted@2x.png in Resources */ = {isa = PBXBuildFile; fileRef = C7C99FC915B98F29006B3865 /* purple_pin_highlighted@2x.png */; };
		C7C9A02C15B98F29006B3865 /* purple_pin_jump_frame0.png in Resources */ = {isa = PBXBuildFile; fileRef = C7C99FCA15B98F29006B3865 /* purple_pin_jump_frame0.png */; };
		C7C9A02D15B98F29006B3865 /* purple_pin_jump_frame0@2x.png in Resources */ = {isa = PBXBuildFile; fileRef = C7C99FCB15B98F29006B3865 /* purple_pin_jump_frame0@2x.png */; };
		C7C9A02E15B98F29006B3865 /* purple_pin_jump_frame1.png in Resources */ = {isa = PBXBuildFile; fileRef = C7C99FCC15B98F29006B3865 /* purple_pin_jump_frame1.png */; };
		C7C9A02F15B98F29006B3865 /* purple_pin_jump_frame1@2x.png in Resources */ = {isa = PBXBuildFile; fileRef = C7C99FCD15B98F29006B3865 /* purple_pin_jump_frame1@2x.png */; };
		C7C9A03015B98F29006B3865 /* purple_pin_jump_frame2.png in Resources */ = {isa = PBXBuildFile; fileRef = C7C99FCE15B98F29006B3865 /* purple_pin_jump_frame2.png */; };
		C7C9A03115B98F29006B3865 /* purple_pin_jump_frame2@2x.png in Resources */ = {isa = PBXBuildFile; fileRef = C7C99FCF15B98F29006B3865 /* purple_pin_jump_frame2@2x.png */; };
		C7C9A03215B98F29006B3865 /* purple_pin_jump_frame3.png in Resources */ = {isa = PBXBuildFile; fileRef = C7C99FD015B98F29006B3865 /* purple_pin_jump_frame3.png */; };
		C7C9A03315B98F29006B3865 /* purple_pin_jump_frame3@2x.png in Resources */ = {isa = PBXBuildFile; fileRef = C7C99FD115B98F29006B3865 /* purple_pin_jump_frame3@2x.png */; };
		C7C9A03415B98F29006B3865 /* purple_pin_jump_frame4.png in Resources */ = {isa = PBXBuildFile; fileRef = C7C99FD215B98F29006B3865 /* purple_pin_jump_frame4.png */; };
		C7C9A03515B98F29006B3865 /* purple_pin_jump_frame4@2x.png in Resources */ = {isa = PBXBuildFile; fileRef = C7C99FD315B98F29006B3865 /* purple_pin_jump_frame4@2x.png */; };
		C7C9A03615B98F29006B3865 /* purple_pin_jump_frame5.png in Resources */ = {isa = PBXBuildFile; fileRef = C7C99FD415B98F29006B3865 /* purple_pin_jump_frame5.png */; };
		C7C9A03715B98F29006B3865 /* purple_pin_jump_frame5@2x.png in Resources */ = {isa = PBXBuildFile; fileRef = C7C99FD515B98F29006B3865 /* purple_pin_jump_frame5@2x.png */; };
		C7C9A03815B98F29006B3865 /* purple_pin_jump_frame6.png in Resources */ = {isa = PBXBuildFile; fileRef = C7C99FD615B98F29006B3865 /* purple_pin_jump_frame6.png */; };
		C7C9A03915B98F29006B3865 /* purple_pin_jump_frame6@2x.png in Resources */ = {isa = PBXBuildFile; fileRef = C7C99FD715B98F29006B3865 /* purple_pin_jump_frame6@2x.png */; };
		C7C9A03A15B98F29006B3865 /* red_pin.png in Resources */ = {isa = PBXBuildFile; fileRef = C7C99FD815B98F29006B3865 /* red_pin.png */; };
		C7C9A03B15B98F29006B3865 /* red_pin@2x.png in Resources */ = {isa = PBXBuildFile; fileRef = C7C99FD915B98F29006B3865 /* red_pin@2x.png */; };
		C7C9A03C15B98F29006B3865 /* red_pin_bounce_frame0.png in Resources */ = {isa = PBXBuildFile; fileRef = C7C99FDA15B98F29006B3865 /* red_pin_bounce_frame0.png */; };
		C7C9A03D15B98F29006B3865 /* red_pin_bounce_frame0@2x.png in Resources */ = {isa = PBXBuildFile; fileRef = C7C99FDB15B98F29006B3865 /* red_pin_bounce_frame0@2x.png */; };
		C7C9A03E15B98F29006B3865 /* red_pin_bounce_frame1.png in Resources */ = {isa = PBXBuildFile; fileRef = C7C99FDC15B98F29006B3865 /* red_pin_bounce_frame1.png */; };
		C7C9A03F15B98F29006B3865 /* red_pin_bounce_frame1@2x.png in Resources */ = {isa = PBXBuildFile; fileRef = C7C99FDD15B98F29006B3865 /* red_pin_bounce_frame1@2x.png */; };
		C7C9A04015B98F29006B3865 /* red_pin_bounce_frame2.png in Resources */ = {isa = PBXBuildFile; fileRef = C7C99FDE15B98F29006B3865 /* red_pin_bounce_frame2.png */; };
		C7C9A04115B98F29006B3865 /* red_pin_bounce_frame2@2x.png in Resources */ = {isa = PBXBuildFile; fileRef = C7C99FDF15B98F29006B3865 /* red_pin_bounce_frame2@2x.png */; };
		C7C9A04215B98F29006B3865 /* red_pin_bounce_frame3.png in Resources */ = {isa = PBXBuildFile; fileRef = C7C99FE015B98F29006B3865 /* red_pin_bounce_frame3.png */; };
		C7C9A04315B98F29006B3865 /* red_pin_bounce_frame3@2x.png in Resources */ = {isa = PBXBuildFile; fileRef = C7C99FE115B98F29006B3865 /* red_pin_bounce_frame3@2x.png */; };
		C7C9A04415B98F29006B3865 /* red_pin_bounce_frame4.png in Resources */ = {isa = PBXBuildFile; fileRef = C7C99FE215B98F29006B3865 /* red_pin_bounce_frame4.png */; };
		C7C9A04515B98F29006B3865 /* red_pin_bounce_frame4@2x.png in Resources */ = {isa = PBXBuildFile; fileRef = C7C99FE315B98F29006B3865 /* red_pin_bounce_frame4@2x.png */; };
		C7C9A04615B98F29006B3865 /* red_pin_bounce_frame5.png in Resources */ = {isa = PBXBuildFile; fileRef = C7C99FE415B98F29006B3865 /* red_pin_bounce_frame5.png */; };
		C7C9A04715B98F29006B3865 /* red_pin_bounce_frame5@2x.png in Resources */ = {isa = PBXBuildFile; fileRef = C7C99FE515B98F29006B3865 /* red_pin_bounce_frame5@2x.png */; };
		C7C9A04815B98F29006B3865 /* red_pin_floating.png in Resources */ = {isa = PBXBuildFile; fileRef = C7C99FE615B98F29006B3865 /* red_pin_floating.png */; };
		C7C9A04915B98F29006B3865 /* red_pin_floating@2x.png in Resources */ = {isa = PBXBuildFile; fileRef = C7C99FE715B98F29006B3865 /* red_pin_floating@2x.png */; };
		C7C9A04A15B98F29006B3865 /* red_pin_highlighted.png in Resources */ = {isa = PBXBuildFile; fileRef = C7C99FE815B98F29006B3865 /* red_pin_highlighted.png */; };
		C7C9A04B15B98F29006B3865 /* red_pin_highlighted@2x.png in Resources */ = {isa = PBXBuildFile; fileRef = C7C99FE915B98F29006B3865 /* red_pin_highlighted@2x.png */; };
		C7C9A04C15B98F29006B3865 /* red_pin_jump_frame0.png in Resources */ = {isa = PBXBuildFile; fileRef = C7C99FEA15B98F29006B3865 /* red_pin_jump_frame0.png */; };
		C7C9A04D15B98F29006B3865 /* red_pin_jump_frame0@2x.png in Resources */ = {isa = PBXBuildFile; fileRef = C7C99FEB15B98F29006B3865 /* red_pin_jump_frame0@2x.png */; };
		C7C9A04E15B98F29006B3865 /* red_pin_jump_frame1.png in Resources */ = {isa = PBXBuildFile; fileRef = C7C99FEC15B98F29006B3865 /* red_pin_jump_frame1.png */; };
		C7C9A04F15B98F29006B3865 /* red_pin_jump_frame1@2x.png in Resources */ = {isa = PBXBuildFile; fileRef = C7C99FED15B98F29006B3865 /* red_pin_jump_frame1@2x.png */; };
		C7C9A05015B98F29006B3865 /* red_pin_jump_frame2.png in Resources */ = {isa = PBXBuildFile; fileRef = C7C99FEE15B98F29006B3865 /* red_pin_jump_frame2.png */; };
		C7C9A05115B98F29006B3865 /* red_pin_jump_frame2@2x.png in Resources */ = {isa = PBXBuildFile; fileRef = C7C99FEF15B98F29006B3865 /* red_pin_jump_frame2@2x.png */; };
		C7C9A05215B98F29006B3865 /* red_pin_jump_frame3.png in Resources */ = {isa = PBXBuildFile; fileRef = C7C99FF015B98F29006B3865 /* red_pin_jump_frame3.png */; };
		C7C9A05315B98F29006B3865 /* red_pin_jump_frame3@2x.png in Resources */ = {isa = PBXBuildFile; fileRef = C7C99FF115B98F29006B3865 /* red_pin_jump_frame3@2x.png */; };
		C7C9A05415B98F29006B3865 /* red_pin_jump_frame4.png in Resources */ = {isa = PBXBuildFile; fileRef = C7C99FF215B98F29006B3865 /* red_pin_jump_frame4.png */; };
		C7C9A05515B98F29006B3865 /* red_pin_jump_frame4@2x.png in Resources */ = {isa = PBXBuildFile; fileRef = C7C99FF315B98F29006B3865 /* red_pin_jump_frame4@2x.png */; };
		C7C9A05615B98F29006B3865 /* red_pin_jump_frame5.png in Resources */ = {isa = PBXBuildFile; fileRef = C7C99FF415B98F29006B3865 /* red_pin_jump_frame5.png */; };
		C7C9A05715B98F29006B3865 /* red_pin_jump_frame5@2x.png in Resources */ = {isa = PBXBuildFile; fileRef = C7C99FF515B98F29006B3865 /* red_pin_jump_frame5@2x.png */; };
		C7C9A05815B98F29006B3865 /* red_pin_jump_frame6.png in Resources */ = {isa = PBXBuildFile; fileRef = C7C99FF615B98F29006B3865 /* red_pin_jump_frame6.png */; };
		C7C9A05915B98F29006B3865 /* red_pin_jump_frame6@2x.png in Resources */ = {isa = PBXBuildFile; fileRef = C7C99FF715B98F29006B3865 /* red_pin_jump_frame6@2x.png */; };
		C7C9A05A15B98F29006B3865 /* shadow_pin.png in Resources */ = {isa = PBXBuildFile; fileRef = C7C99FF815B98F29006B3865 /* shadow_pin.png */; };
		C7C9A05B15B98F29006B3865 /* shadow_pin@2x.png in Resources */ = {isa = PBXBuildFile; fileRef = C7C99FF915B98F29006B3865 /* shadow_pin@2x.png */; };
		C7DF04C515B73FCE002C63B8 /* CPPinAnnotation.m in Sources */ = {isa = PBXBuildFile; fileRef = C7DF04C415B73FCE002C63B8 /* CPPinAnnotation.m */; };
/* End PBXBuildFile section */

/* Begin PBXContainerItemProxy section */
		C72A660115B4D1A600E95458 /* PBXContainerItemProxy */ = {
			isa = PBXContainerItemProxy;
			containerPortal = C72A65D215B4D1A600E95458 /* Project object */;
			proxyType = 1;
			remoteGlobalIDString = C72A65DA15B4D1A600E95458;
			remoteInfo = CPPinAnnotationView;
		};
/* End PBXContainerItemProxy section */

/* Begin PBXFileReference section */
		C723B14A15B75299006D8A0B /* CPPinAnnotationView.h */ = {isa = PBXFileReference; fileEncoding = 4; lastKnownFileType = sourcecode.c.h; path = CPPinAnnotationView.h; sourceTree = "<group>"; };
		C723B14B15B75299006D8A0B /* CPPinAnnotationView.m */ = {isa = PBXFileReference; fileEncoding = 4; lastKnownFileType = sourcecode.c.objc; path = CPPinAnnotationView.m; sourceTree = "<group>"; };
		C72A65DB15B4D1A600E95458 /* CPPinAnnotationView.app */ = {isa = PBXFileReference; explicitFileType = wrapper.application; includeInIndex = 0; path = CPPinAnnotationView.app; sourceTree = BUILT_PRODUCTS_DIR; };
		C72A65DF15B4D1A600E95458 /* UIKit.framework */ = {isa = PBXFileReference; lastKnownFileType = wrapper.framework; name = UIKit.framework; path = System/Library/Frameworks/UIKit.framework; sourceTree = SDKROOT; };
		C72A65E115B4D1A600E95458 /* Foundation.framework */ = {isa = PBXFileReference; lastKnownFileType = wrapper.framework; name = Foundation.framework; path = System/Library/Frameworks/Foundation.framework; sourceTree = SDKROOT; };
		C72A65E315B4D1A600E95458 /* CoreGraphics.framework */ = {isa = PBXFileReference; lastKnownFileType = wrapper.framework; name = CoreGraphics.framework; path = System/Library/Frameworks/CoreGraphics.framework; sourceTree = SDKROOT; };
		C72A65E715B4D1A600E95458 /* CPPinAnnotationView-Info.plist */ = {isa = PBXFileReference; lastKnownFileType = text.plist.xml; path = "CPPinAnnotationView-Info.plist"; sourceTree = "<group>"; };
		C72A65E915B4D1A600E95458 /* en */ = {isa = PBXFileReference; lastKnownFileType = text.plist.strings; name = en; path = en.lproj/InfoPlist.strings; sourceTree = "<group>"; };
		C72A65EB15B4D1A600E95458 /* main.m */ = {isa = PBXFileReference; lastKnownFileType = sourcecode.c.objc; path = main.m; sourceTree = "<group>"; };
		C72A65ED15B4D1A600E95458 /* CPPinAnnotationView-Prefix.pch */ = {isa = PBXFileReference; lastKnownFileType = sourcecode.c.h; path = "CPPinAnnotationView-Prefix.pch"; sourceTree = "<group>"; };
		C72A65EE15B4D1A600E95458 /* CPAppDelegate.h */ = {isa = PBXFileReference; lastKnownFileType = sourcecode.c.h; path = CPAppDelegate.h; sourceTree = "<group>"; };
		C72A65EF15B4D1A600E95458 /* CPAppDelegate.m */ = {isa = PBXFileReference; lastKnownFileType = sourcecode.c.objc; path = CPAppDelegate.m; sourceTree = "<group>"; };
		C72A65F215B4D1A600E95458 /* en */ = {isa = PBXFileReference; lastKnownFileType = file.storyboard; name = en; path = en.lproj/MainStoryboard.storyboard; sourceTree = "<group>"; };
		C72A65F415B4D1A600E95458 /* CPViewController.h */ = {isa = PBXFileReference; lastKnownFileType = sourcecode.c.h; path = CPViewController.h; sourceTree = "<group>"; };
		C72A65F515B4D1A600E95458 /* CPViewController.m */ = {isa = PBXFileReference; lastKnownFileType = sourcecode.c.objc; path = CPViewController.m; sourceTree = "<group>"; };
		C72A65FC15B4D1A600E95458 /* CPPinAnnotationViewTests.octest */ = {isa = PBXFileReference; explicitFileType = wrapper.cfbundle; includeInIndex = 0; path = CPPinAnnotationViewTests.octest; sourceTree = BUILT_PRODUCTS_DIR; };
		C72A65FD15B4D1A600E95458 /* SenTestingKit.framework */ = {isa = PBXFileReference; lastKnownFileType = wrapper.framework; name = SenTestingKit.framework; path = Library/Frameworks/SenTestingKit.framework; sourceTree = DEVELOPER_DIR; };
		C72A660515B4D1A600E95458 /* CPPinAnnotationViewTests-Info.plist */ = {isa = PBXFileReference; lastKnownFileType = text.plist.xml; path = "CPPinAnnotationViewTests-Info.plist"; sourceTree = "<group>"; };
		C72A660715B4D1A600E95458 /* en */ = {isa = PBXFileReference; lastKnownFileType = text.plist.strings; name = en; path = en.lproj/InfoPlist.strings; sourceTree = "<group>"; };
		C72A660915B4D1A600E95458 /* CPPinAnnotationViewTests.h */ = {isa = PBXFileReference; lastKnownFileType = sourcecode.c.h; path = CPPinAnnotationViewTests.h; sourceTree = "<group>"; };
		C72A660A15B4D1A600E95458 /* CPPinAnnotationViewTests.m */ = {isa = PBXFileReference; lastKnownFileType = sourcecode.c.objc; path = CPPinAnnotationViewTests.m; sourceTree = "<group>"; };
		C72A661815B4D26200E95458 /* MapKit.framework */ = {isa = PBXFileReference; lastKnownFileType = wrapper.framework; name = MapKit.framework; path = System/Library/Frameworks/MapKit.framework; sourceTree = SDKROOT; };
		C72A661B15B4D26B00E95458 /* CoreLocation.framework */ = {isa = PBXFileReference; lastKnownFileType = wrapper.framework; name = CoreLocation.framework; path = System/Library/Frameworks/CoreLocation.framework; sourceTree = SDKROOT; };
		C72A661D15B4D2A700E95458 /* Tjuvholmen.gpx */ = {isa = PBXFileReference; fileEncoding = 4; lastKnownFileType = text.xml; name = Tjuvholmen.gpx; path = ../Tjuvholmen.gpx; sourceTree = "<group>"; };
		C73623D815BB36CA00FA0AB2 /* CPCalloutView.h */ = {isa = PBXFileReference; fileEncoding = 4; lastKnownFileType = sourcecode.c.h; path = CPCalloutView.h; sourceTree = "<group>"; };
		C73623D915BB36CA00FA0AB2 /* CPCalloutView.m */ = {isa = PBXFileReference; fileEncoding = 4; lastKnownFileType = sourcecode.c.objc; path = CPCalloutView.m; sourceTree = "<group>"; };
		C73F0ED615BDECAF005930A4 /* CPLoggerProxy.h */ = {isa = PBXFileReference; fileEncoding = 4; lastKnownFileType = sourcecode.c.h; path = CPLoggerProxy.h; sourceTree = "<group>"; };
		C73F0ED715BDECAF005930A4 /* CPLoggerProxy.m */ = {isa = PBXFileReference; fileEncoding = 4; lastKnownFileType = sourcecode.c.objc; path = CPLoggerProxy.m; sourceTree = "<group>"; };
		C7C99F9815B98F29006B3865 /* green_pin.png */ = {isa = PBXFileReference; lastKnownFileType = image.png; path = green_pin.png; sourceTree = "<group>"; };
		C7C99F9915B98F29006B3865 /* green_pin@2x.png */ = {isa = PBXFileReference; lastKnownFileType = image.png; path = "green_pin@2x.png"; sourceTree = "<group>"; };
		C7C99F9A15B98F29006B3865 /* green_pin_bounce_frame0.png */ = {isa = PBXFileReference; lastKnownFileType = image.png; path = green_pin_bounce_frame0.png; sourceTree = "<group>"; };
		C7C99F9B15B98F29006B3865 /* green_pin_bounce_frame0@2x.png */ = {isa = PBXFileReference; lastKnownFileType = image.png; path = "green_pin_bounce_frame0@2x.png"; sourceTree = "<group>"; };
		C7C99F9C15B98F29006B3865 /* green_pin_bounce_frame1.png */ = {isa = PBXFileReference; lastKnownFileType = image.png; path = green_pin_bounce_frame1.png; sourceTree = "<group>"; };
		C7C99F9D15B98F29006B3865 /* green_pin_bounce_frame1@2x.png */ = {isa = PBXFileReference; lastKnownFileType = image.png; path = "green_pin_bounce_frame1@2x.png"; sourceTree = "<group>"; };
		C7C99F9E15B98F29006B3865 /* green_pin_bounce_frame2.png */ = {isa = PBXFileReference; lastKnownFileType = image.png; path = green_pin_bounce_frame2.png; sourceTree = "<group>"; };
		C7C99F9F15B98F29006B3865 /* green_pin_bounce_frame2@2x.png */ = {isa = PBXFileReference; lastKnownFileType = image.png; path = "green_pin_bounce_frame2@2x.png"; sourceTree = "<group>"; };
		C7C99FA015B98F29006B3865 /* green_pin_bounce_frame3.png */ = {isa = PBXFileReference; lastKnownFileType = image.png; path = green_pin_bounce_frame3.png; sourceTree = "<group>"; };
		C7C99FA115B98F29006B3865 /* green_pin_bounce_frame3@2x.png */ = {isa = PBXFileReference; lastKnownFileType = image.png; path = "green_pin_bounce_frame3@2x.png"; sourceTree = "<group>"; };
		C7C99FA215B98F29006B3865 /* green_pin_bounce_frame4.png */ = {isa = PBXFileReference; lastKnownFileType = image.png; path = green_pin_bounce_frame4.png; sourceTree = "<group>"; };
		C7C99FA315B98F29006B3865 /* green_pin_bounce_frame4@2x.png */ = {isa = PBXFileReference; lastKnownFileType = image.png; path = "green_pin_bounce_frame4@2x.png"; sourceTree = "<group>"; };
		C7C99FA415B98F29006B3865 /* green_pin_bounce_frame5.png */ = {isa = PBXFileReference; lastKnownFileType = image.png; path = green_pin_bounce_frame5.png; sourceTree = "<group>"; };
		C7C99FA515B98F29006B3865 /* green_pin_bounce_frame5@2x.png */ = {isa = PBXFileReference; lastKnownFileType = image.png; path = "green_pin_bounce_frame5@2x.png"; sourceTree = "<group>"; };
		C7C99FA615B98F29006B3865 /* green_pin_floating.png */ = {isa = PBXFileReference; lastKnownFileType = image.png; path = green_pin_floating.png; sourceTree = "<group>"; };
		C7C99FA715B98F29006B3865 /* green_pin_floating@2x.png */ = {isa = PBXFileReference; lastKnownFileType = image.png; path = "green_pin_floating@2x.png"; sourceTree = "<group>"; };
		C7C99FA815B98F29006B3865 /* green_pin_highlighted.png */ = {isa = PBXFileReference; lastKnownFileType = image.png; path = green_pin_highlighted.png; sourceTree = "<group>"; };
		C7C99FA915B98F29006B3865 /* green_pin_highlighted@2x.png */ = {isa = PBXFileReference; lastKnownFileType = image.png; path = "green_pin_highlighted@2x.png"; sourceTree = "<group>"; };
		C7C99FAA15B98F29006B3865 /* green_pin_jump_frame0.png */ = {isa = PBXFileReference; lastKnownFileType = image.png; path = green_pin_jump_frame0.png; sourceTree = "<group>"; };
		C7C99FAB15B98F29006B3865 /* green_pin_jump_frame0@2x.png */ = {isa = PBXFileReference; lastKnownFileType = image.png; path = "green_pin_jump_frame0@2x.png"; sourceTree = "<group>"; };
		C7C99FAC15B98F29006B3865 /* green_pin_jump_frame1.png */ = {isa = PBXFileReference; lastKnownFileType = image.png; path = green_pin_jump_frame1.png; sourceTree = "<group>"; };
		C7C99FAD15B98F29006B3865 /* green_pin_jump_frame1@2x.png */ = {isa = PBXFileReference; lastKnownFileType = image.png; path = "green_pin_jump_frame1@2x.png"; sourceTree = "<group>"; };
		C7C99FAE15B98F29006B3865 /* green_pin_jump_frame2.png */ = {isa = PBXFileReference; lastKnownFileType = image.png; path = green_pin_jump_frame2.png; sourceTree = "<group>"; };
		C7C99FAF15B98F29006B3865 /* green_pin_jump_frame2@2x.png */ = {isa = PBXFileReference; lastKnownFileType = image.png; path = "green_pin_jump_frame2@2x.png"; sourceTree = "<group>"; };
		C7C99FB015B98F29006B3865 /* green_pin_jump_frame3.png */ = {isa = PBXFileReference; lastKnownFileType = image.png; path = green_pin_jump_frame3.png; sourceTree = "<group>"; };
		C7C99FB115B98F29006B3865 /* green_pin_jump_frame3@2x.png */ = {isa = PBXFileReference; lastKnownFileType = image.png; path = "green_pin_jump_frame3@2x.png"; sourceTree = "<group>"; };
		C7C99FB215B98F29006B3865 /* green_pin_jump_frame4.png */ = {isa = PBXFileReference; lastKnownFileType = image.png; path = green_pin_jump_frame4.png; sourceTree = "<group>"; };
		C7C99FB315B98F29006B3865 /* green_pin_jump_frame4@2x.png */ = {isa = PBXFileReference; lastKnownFileType = image.png; path = "green_pin_jump_frame4@2x.png"; sourceTree = "<group>"; };
		C7C99FB415B98F29006B3865 /* green_pin_jump_frame5.png */ = {isa = PBXFileReference; lastKnownFileType = image.png; path = green_pin_jump_frame5.png; sourceTree = "<group>"; };
		C7C99FB515B98F29006B3865 /* green_pin_jump_frame5@2x.png */ = {isa = PBXFileReference; lastKnownFileType = image.png; path = "green_pin_jump_frame5@2x.png"; sourceTree = "<group>"; };
		C7C99FB615B98F29006B3865 /* green_pin_jump_frame6.png */ = {isa = PBXFileReference; lastKnownFileType = image.png; path = green_pin_jump_frame6.png; sourceTree = "<group>"; };
		C7C99FB715B98F29006B3865 /* green_pin_jump_frame6@2x.png */ = {isa = PBXFileReference; lastKnownFileType = image.png; path = "green_pin_jump_frame6@2x.png"; sourceTree = "<group>"; };
		C7C99FB815B98F29006B3865 /* purple_pin.png */ = {isa = PBXFileReference; lastKnownFileType = image.png; path = purple_pin.png; sourceTree = "<group>"; };
		C7C99FB915B98F29006B3865 /* purple_pin@2x.png */ = {isa = PBXFileReference; lastKnownFileType = image.png; path = "purple_pin@2x.png"; sourceTree = "<group>"; };
		C7C99FBA15B98F29006B3865 /* purple_pin_bounce_frame0.png */ = {isa = PBXFileReference; lastKnownFileType = image.png; path = purple_pin_bounce_frame0.png; sourceTree = "<group>"; };
		C7C99FBB15B98F29006B3865 /* purple_pin_bounce_frame0@2x.png */ = {isa = PBXFileReference; lastKnownFileType = image.png; path = "purple_pin_bounce_frame0@2x.png"; sourceTree = "<group>"; };
		C7C99FBC15B98F29006B3865 /* purple_pin_bounce_frame1.png */ = {isa = PBXFileReference; lastKnownFileType = image.png; path = purple_pin_bounce_frame1.png; sourceTree = "<group>"; };
		C7C99FBD15B98F29006B3865 /* purple_pin_bounce_frame1@2x.png */ = {isa = PBXFileReference; lastKnownFileType = image.png; path = "purple_pin_bounce_frame1@2x.png"; sourceTree = "<group>"; };
		C7C99FBE15B98F29006B3865 /* purple_pin_bounce_frame2.png */ = {isa = PBXFileReference; lastKnownFileType = image.png; path = purple_pin_bounce_frame2.png; sourceTree = "<group>"; };
		C7C99FBF15B98F29006B3865 /* purple_pin_bounce_frame2@2x.png */ = {isa = PBXFileReference; lastKnownFileType = image.png; path = "purple_pin_bounce_frame2@2x.png"; sourceTree = "<group>"; };
		C7C99FC015B98F29006B3865 /* purple_pin_bounce_frame3.png */ = {isa = PBXFileReference; lastKnownFileType = image.png; path = purple_pin_bounce_frame3.png; sourceTree = "<group>"; };
		C7C99FC115B98F29006B3865 /* purple_pin_bounce_frame3@2x.png */ = {isa = PBXFileReference; lastKnownFileType = image.png; path = "purple_pin_bounce_frame3@2x.png"; sourceTree = "<group>"; };
		C7C99FC215B98F29006B3865 /* purple_pin_bounce_frame4.png */ = {isa = PBXFileReference; lastKnownFileType = image.png; path = purple_pin_bounce_frame4.png; sourceTree = "<group>"; };
		C7C99FC315B98F29006B3865 /* purple_pin_bounce_frame4@2x.png */ = {isa = PBXFileReference; lastKnownFileType = image.png; path = "purple_pin_bounce_frame4@2x.png"; sourceTree = "<group>"; };
		C7C99FC415B98F29006B3865 /* purple_pin_bounce_frame5.png */ = {isa = PBXFileReference; lastKnownFileType = image.png; path = purple_pin_bounce_frame5.png; sourceTree = "<group>"; };
		C7C99FC515B98F29006B3865 /* purple_pin_bounce_frame5@2x.png */ = {isa = PBXFileReference; lastKnownFileType = image.png; path = "purple_pin_bounce_frame5@2x.png"; sourceTree = "<group>"; };
		C7C99FC615B98F29006B3865 /* purple_pin_floating.png */ = {isa = PBXFileReference; lastKnownFileType = image.png; path = purple_pin_floating.png; sourceTree = "<group>"; };
		C7C99FC715B98F29006B3865 /* purple_pin_floating@2x.png */ = {isa = PBXFileReference; lastKnownFileType = image.png; path = "purple_pin_floating@2x.png"; sourceTree = "<group>"; };
		C7C99FC815B98F29006B3865 /* purple_pin_highlighted.png */ = {isa = PBXFileReference; lastKnownFileType = image.png; path = purple_pin_highlighted.png; sourceTree = "<group>"; };
		C7C99FC915B98F29006B3865 /* purple_pin_highlighted@2x.png */ = {isa = PBXFileReference; lastKnownFileType = image.png; path = "purple_pin_highlighted@2x.png"; sourceTree = "<group>"; };
		C7C99FCA15B98F29006B3865 /* purple_pin_jump_frame0.png */ = {isa = PBXFileReference; lastKnownFileType = image.png; path = purple_pin_jump_frame0.png; sourceTree = "<group>"; };
		C7C99FCB15B98F29006B3865 /* purple_pin_jump_frame0@2x.png */ = {isa = PBXFileReference; lastKnownFileType = image.png; path = "purple_pin_jump_frame0@2x.png"; sourceTree = "<group>"; };
		C7C99FCC15B98F29006B3865 /* purple_pin_jump_frame1.png */ = {isa = PBXFileReference; lastKnownFileType = image.png; path = purple_pin_jump_frame1.png; sourceTree = "<group>"; };
		C7C99FCD15B98F29006B3865 /* purple_pin_jump_frame1@2x.png */ = {isa = PBXFileReference; lastKnownFileType = image.png; path = "purple_pin_jump_frame1@2x.png"; sourceTree = "<group>"; };
		C7C99FCE15B98F29006B3865 /* purple_pin_jump_frame2.png */ = {isa = PBXFileReference; lastKnownFileType = image.png; path = purple_pin_jump_frame2.png; sourceTree = "<group>"; };
		C7C99FCF15B98F29006B3865 /* purple_pin_jump_frame2@2x.png */ = {isa = PBXFileReference; lastKnownFileType = image.png; path = "purple_pin_jump_frame2@2x.png"; sourceTree = "<group>"; };
		C7C99FD015B98F29006B3865 /* purple_pin_jump_frame3.png */ = {isa = PBXFileReference; lastKnownFileType = image.png; path = purple_pin_jump_frame3.png; sourceTree = "<group>"; };
		C7C99FD115B98F29006B3865 /* purple_pin_jump_frame3@2x.png */ = {isa = PBXFileReference; lastKnownFileType = image.png; path = "purple_pin_jump_frame3@2x.png"; sourceTree = "<group>"; };
		C7C99FD215B98F29006B3865 /* purple_pin_jump_frame4.png */ = {isa = PBXFileReference; lastKnownFileType = image.png; path = purple_pin_jump_frame4.png; sourceTree = "<group>"; };
		C7C99FD315B98F29006B3865 /* purple_pin_jump_frame4@2x.png */ = {isa = PBXFileReference; lastKnownFileType = image.png; path = "purple_pin_jump_frame4@2x.png"; sourceTree = "<group>"; };
		C7C99FD415B98F29006B3865 /* purple_pin_jump_frame5.png */ = {isa = PBXFileReference; lastKnownFileType = image.png; path = purple_pin_jump_frame5.png; sourceTree = "<group>"; };
		C7C99FD515B98F29006B3865 /* purple_pin_jump_frame5@2x.png */ = {isa = PBXFileReference; lastKnownFileType = image.png; path = "purple_pin_jump_frame5@2x.png"; sourceTree = "<group>"; };
		C7C99FD615B98F29006B3865 /* purple_pin_jump_frame6.png */ = {isa = PBXFileReference; lastKnownFileType = image.png; path = purple_pin_jump_frame6.png; sourceTree = "<group>"; };
		C7C99FD715B98F29006B3865 /* purple_pin_jump_frame6@2x.png */ = {isa = PBXFileReference; lastKnownFileType = image.png; path = "purple_pin_jump_frame6@2x.png"; sourceTree = "<group>"; };
		C7C99FD815B98F29006B3865 /* red_pin.png */ = {isa = PBXFileReference; lastKnownFileType = image.png; path = red_pin.png; sourceTree = "<group>"; };
		C7C99FD915B98F29006B3865 /* red_pin@2x.png */ = {isa = PBXFileReference; lastKnownFileType = image.png; path = "red_pin@2x.png"; sourceTree = "<group>"; };
		C7C99FDA15B98F29006B3865 /* red_pin_bounce_frame0.png */ = {isa = PBXFileReference; lastKnownFileType = image.png; path = red_pin_bounce_frame0.png; sourceTree = "<group>"; };
		C7C99FDB15B98F29006B3865 /* red_pin_bounce_frame0@2x.png */ = {isa = PBXFileReference; lastKnownFileType = image.png; path = "red_pin_bounce_frame0@2x.png"; sourceTree = "<group>"; };
		C7C99FDC15B98F29006B3865 /* red_pin_bounce_frame1.png */ = {isa = PBXFileReference; lastKnownFileType = image.png; path = red_pin_bounce_frame1.png; sourceTree = "<group>"; };
		C7C99FDD15B98F29006B3865 /* red_pin_bounce_frame1@2x.png */ = {isa = PBXFileReference; lastKnownFileType = image.png; path = "red_pin_bounce_frame1@2x.png"; sourceTree = "<group>"; };
		C7C99FDE15B98F29006B3865 /* red_pin_bounce_frame2.png */ = {isa = PBXFileReference; lastKnownFileType = image.png; path = red_pin_bounce_frame2.png; sourceTree = "<group>"; };
		C7C99FDF15B98F29006B3865 /* red_pin_bounce_frame2@2x.png */ = {isa = PBXFileReference; lastKnownFileType = image.png; path = "red_pin_bounce_frame2@2x.png"; sourceTree = "<group>"; };
		C7C99FE015B98F29006B3865 /* red_pin_bounce_frame3.png */ = {isa = PBXFileReference; lastKnownFileType = image.png; path = red_pin_bounce_frame3.png; sourceTree = "<group>"; };
		C7C99FE115B98F29006B3865 /* red_pin_bounce_frame3@2x.png */ = {isa = PBXFileReference; lastKnownFileType = image.png; path = "red_pin_bounce_frame3@2x.png"; sourceTree = "<group>"; };
		C7C99FE215B98F29006B3865 /* red_pin_bounce_frame4.png */ = {isa = PBXFileReference; lastKnownFileType = image.png; path = red_pin_bounce_frame4.png; sourceTree = "<group>"; };
		C7C99FE315B98F29006B3865 /* red_pin_bounce_frame4@2x.png */ = {isa = PBXFileReference; lastKnownFileType = image.png; path = "red_pin_bounce_frame4@2x.png"; sourceTree = "<group>"; };
		C7C99FE415B98F29006B3865 /* red_pin_bounce_frame5.png */ = {isa = PBXFileReference; lastKnownFileType = image.png; path = red_pin_bounce_frame5.png; sourceTree = "<group>"; };
		C7C99FE515B98F29006B3865 /* red_pin_bounce_frame5@2x.png */ = {isa = PBXFileReference; lastKnownFileType = image.png; path = "red_pin_bounce_frame5@2x.png"; sourceTree = "<group>"; };
		C7C99FE615B98F29006B3865 /* red_pin_floating.png */ = {isa = PBXFileReference; lastKnownFileType = image.png; path = red_pin_floating.png; sourceTree = "<group>"; };
		C7C99FE715B98F29006B3865 /* red_pin_floating@2x.png */ = {isa = PBXFileReference; lastKnownFileType = image.png; path = "red_pin_floating@2x.png"; sourceTree = "<group>"; };
		C7C99FE815B98F29006B3865 /* red_pin_highlighted.png */ = {isa = PBXFileReference; lastKnownFileType = image.png; path = red_pin_highlighted.png; sourceTree = "<group>"; };
		C7C99FE915B98F29006B3865 /* red_pin_highlighted@2x.png */ = {isa = PBXFileReference; lastKnownFileType = image.png; path = "red_pin_highlighted@2x.png"; sourceTree = "<group>"; };
		C7C99FEA15B98F29006B3865 /* red_pin_jump_frame0.png */ = {isa = PBXFileReference; lastKnownFileType = image.png; path = red_pin_jump_frame0.png; sourceTree = "<group>"; };
		C7C99FEB15B98F29006B3865 /* red_pin_jump_frame0@2x.png */ = {isa = PBXFileReference; lastKnownFileType = image.png; path = "red_pin_jump_frame0@2x.png"; sourceTree = "<group>"; };
		C7C99FEC15B98F29006B3865 /* red_pin_jump_frame1.png */ = {isa = PBXFileReference; lastKnownFileType = image.png; path = red_pin_jump_frame1.png; sourceTree = "<group>"; };
		C7C99FED15B98F29006B3865 /* red_pin_jump_frame1@2x.png */ = {isa = PBXFileReference; lastKnownFileType = image.png; path = "red_pin_jump_frame1@2x.png"; sourceTree = "<group>"; };
		C7C99FEE15B98F29006B3865 /* red_pin_jump_frame2.png */ = {isa = PBXFileReference; lastKnownFileType = image.png; path = red_pin_jump_frame2.png; sourceTree = "<group>"; };
		C7C99FEF15B98F29006B3865 /* red_pin_jump_frame2@2x.png */ = {isa = PBXFileReference; lastKnownFileType = image.png; path = "red_pin_jump_frame2@2x.png"; sourceTree = "<group>"; };
		C7C99FF015B98F29006B3865 /* red_pin_jump_frame3.png */ = {isa = PBXFileReference; lastKnownFileType = image.png; path = red_pin_jump_frame3.png; sourceTree = "<group>"; };
		C7C99FF115B98F29006B3865 /* red_pin_jump_frame3@2x.png */ = {isa = PBXFileReference; lastKnownFileType = image.png; path = "red_pin_jump_frame3@2x.png"; sourceTree = "<group>"; };
		C7C99FF215B98F29006B3865 /* red_pin_jump_frame4.png */ = {isa = PBXFileReference; lastKnownFileType = image.png; path = red_pin_jump_frame4.png; sourceTree = "<group>"; };
		C7C99FF315B98F29006B3865 /* red_pin_jump_frame4@2x.png */ = {isa = PBXFileReference; lastKnownFileType = image.png; path = "red_pin_jump_frame4@2x.png"; sourceTree = "<group>"; };
		C7C99FF415B98F29006B3865 /* red_pin_jump_frame5.png */ = {isa = PBXFileReference; lastKnownFileType = image.png; path = red_pin_jump_frame5.png; sourceTree = "<group>"; };
		C7C99FF515B98F29006B3865 /* red_pin_jump_frame5@2x.png */ = {isa = PBXFileReference; lastKnownFileType = image.png; path = "red_pin_jump_frame5@2x.png"; sourceTree = "<group>"; };
		C7C99FF615B98F29006B3865 /* red_pin_jump_frame6.png */ = {isa = PBXFileReference; lastKnownFileType = image.png; path = red_pin_jump_frame6.png; sourceTree = "<group>"; };
		C7C99FF715B98F29006B3865 /* red_pin_jump_frame6@2x.png */ = {isa = PBXFileReference; lastKnownFileType = image.png; path = "red_pin_jump_frame6@2x.png"; sourceTree = "<group>"; };
		C7C99FF815B98F29006B3865 /* shadow_pin.png */ = {isa = PBXFileReference; lastKnownFileType = image.png; path = shadow_pin.png; sourceTree = "<group>"; };
		C7C99FF915B98F29006B3865 /* shadow_pin@2x.png */ = {isa = PBXFileReference; lastKnownFileType = image.png; path = "shadow_pin@2x.png"; sourceTree = "<group>"; };
		C7DF04C315B73FCE002C63B8 /* CPPinAnnotation.h */ = {isa = PBXFileReference; fileEncoding = 4; lastKnownFileType = sourcecode.c.h; path = CPPinAnnotation.h; sourceTree = "<group>"; };
		C7DF04C415B73FCE002C63B8 /* CPPinAnnotation.m */ = {isa = PBXFileReference; fileEncoding = 4; lastKnownFileType = sourcecode.c.objc; path = CPPinAnnotation.m; sourceTree = "<group>"; };
/* End PBXFileReference section */

/* Begin PBXFrameworksBuildPhase section */
		C72A65D815B4D1A600E95458 /* Frameworks */ = {
			isa = PBXFrameworksBuildPhase;
			buildActionMask = 2147483647;
			files = (
				C72A661C15B4D26B00E95458 /* CoreLocation.framework in Frameworks */,
				C72A661915B4D26200E95458 /* MapKit.framework in Frameworks */,
				C72A65E015B4D1A600E95458 /* UIKit.framework in Frameworks */,
				C72A65E215B4D1A600E95458 /* Foundation.framework in Frameworks */,
				C72A65E415B4D1A600E95458 /* CoreGraphics.framework in Frameworks */,
			);
			runOnlyForDeploymentPostprocessing = 0;
		};
		C72A65F815B4D1A600E95458 /* Frameworks */ = {
			isa = PBXFrameworksBuildPhase;
			buildActionMask = 2147483647;
			files = (
				C72A65FE15B4D1A600E95458 /* SenTestingKit.framework in Frameworks */,
				C72A65FF15B4D1A600E95458 /* UIKit.framework in Frameworks */,
				C72A660015B4D1A600E95458 /* Foundation.framework in Frameworks */,
			);
			runOnlyForDeploymentPostprocessing = 0;
		};
/* End PBXFrameworksBuildPhase section */

/* Begin PBXGroup section */
		C72A65D015B4D1A600E95458 = {
			isa = PBXGroup;
			children = (
				C72A65E515B4D1A600E95458 /* CPPinAnnotationView */,
				C72A660315B4D1A600E95458 /* CPPinAnnotationViewTests */,
				C72A65DE15B4D1A600E95458 /* Frameworks */,
				C72A65DC15B4D1A600E95458 /* Products */,
			);
			sourceTree = "<group>";
		};
		C72A65DC15B4D1A600E95458 /* Products */ = {
			isa = PBXGroup;
			children = (
				C72A65DB15B4D1A600E95458 /* CPPinAnnotationView.app */,
				C72A65FC15B4D1A600E95458 /* CPPinAnnotationViewTests.octest */,
			);
			name = Products;
			sourceTree = "<group>";
		};
		C72A65DE15B4D1A600E95458 /* Frameworks */ = {
			isa = PBXGroup;
			children = (
				C72A661B15B4D26B00E95458 /* CoreLocation.framework */,
				C72A661815B4D26200E95458 /* MapKit.framework */,
				C72A65DF15B4D1A600E95458 /* UIKit.framework */,
				C72A65E115B4D1A600E95458 /* Foundation.framework */,
				C72A65E315B4D1A600E95458 /* CoreGraphics.framework */,
				C72A65FD15B4D1A600E95458 /* SenTestingKit.framework */,
			);
			name = Frameworks;
			sourceTree = "<group>";
		};
		C72A65E515B4D1A600E95458 /* CPPinAnnotationView */ = {
			isa = PBXGroup;
			children = (
				C7C99F9715B98F29006B3865 /* Graphics */,
				C72A65EE15B4D1A600E95458 /* CPAppDelegate.h */,
				C72A65EF15B4D1A600E95458 /* CPAppDelegate.m */,
				C72A65F115B4D1A600E95458 /* MainStoryboard.storyboard */,
				C72A65F415B4D1A600E95458 /* CPViewController.h */,
				C72A65F515B4D1A600E95458 /* CPViewController.m */,
				C7DF04C315B73FCE002C63B8 /* CPPinAnnotation.h */,
				C7DF04C415B73FCE002C63B8 /* CPPinAnnotation.m */,
				C723B14A15B75299006D8A0B /* CPPinAnnotationView.h */,
				C723B14B15B75299006D8A0B /* CPPinAnnotationView.m */,
				C73623D815BB36CA00FA0AB2 /* CPCalloutView.h */,
				C73623D915BB36CA00FA0AB2 /* CPCalloutView.m */,
				C73F0ED615BDECAF005930A4 /* CPLoggerProxy.h */,
				C73F0ED715BDECAF005930A4 /* CPLoggerProxy.m */,
				C72A65E615B4D1A600E95458 /* Supporting Files */,
			);
			path = CPPinAnnotationView;
			sourceTree = "<group>";
		};
		C72A65E615B4D1A600E95458 /* Supporting Files */ = {
			isa = PBXGroup;
			children = (
				C72A661D15B4D2A700E95458 /* Tjuvholmen.gpx */,
				C72A65E715B4D1A600E95458 /* CPPinAnnotationView-Info.plist */,
				C72A65E815B4D1A600E95458 /* InfoPlist.strings */,
				C72A65EB15B4D1A600E95458 /* main.m */,
				C72A65ED15B4D1A600E95458 /* CPPinAnnotationView-Prefix.pch */,
			);
			name = "Supporting Files";
			sourceTree = "<group>";
		};
		C72A660315B4D1A600E95458 /* CPPinAnnotationViewTests */ = {
			isa = PBXGroup;
			children = (
				C72A660915B4D1A600E95458 /* CPPinAnnotationViewTests.h */,
				C72A660A15B4D1A600E95458 /* CPPinAnnotationViewTests.m */,
				C72A660415B4D1A600E95458 /* Supporting Files */,
			);
			path = CPPinAnnotationViewTests;
			sourceTree = "<group>";
		};
		C72A660415B4D1A600E95458 /* Supporting Files */ = {
			isa = PBXGroup;
			children = (
				C72A660515B4D1A600E95458 /* CPPinAnnotationViewTests-Info.plist */,
				C72A660615B4D1A600E95458 /* InfoPlist.strings */,
			);
			name = "Supporting Files";
			sourceTree = "<group>";
		};
		C7C99F9715B98F29006B3865 /* Graphics */ = {
			isa = PBXGroup;
			children = (
				C7C99F9815B98F29006B3865 /* green_pin.png */,
				C7C99F9915B98F29006B3865 /* green_pin@2x.png */,
				C7C99F9A15B98F29006B3865 /* green_pin_bounce_frame0.png */,
				C7C99F9B15B98F29006B3865 /* green_pin_bounce_frame0@2x.png */,
				C7C99F9C15B98F29006B3865 /* green_pin_bounce_frame1.png */,
				C7C99F9D15B98F29006B3865 /* green_pin_bounce_frame1@2x.png */,
				C7C99F9E15B98F29006B3865 /* green_pin_bounce_frame2.png */,
				C7C99F9F15B98F29006B3865 /* green_pin_bounce_frame2@2x.png */,
				C7C99FA015B98F29006B3865 /* green_pin_bounce_frame3.png */,
				C7C99FA115B98F29006B3865 /* green_pin_bounce_frame3@2x.png */,
				C7C99FA215B98F29006B3865 /* green_pin_bounce_frame4.png */,
				C7C99FA315B98F29006B3865 /* green_pin_bounce_frame4@2x.png */,
				C7C99FA415B98F29006B3865 /* green_pin_bounce_frame5.png */,
				C7C99FA515B98F29006B3865 /* green_pin_bounce_frame5@2x.png */,
				C7C99FA615B98F29006B3865 /* green_pin_floating.png */,
				C7C99FA715B98F29006B3865 /* green_pin_floating@2x.png */,
				C7C99FA815B98F29006B3865 /* green_pin_highlighted.png */,
				C7C99FA915B98F29006B3865 /* green_pin_highlighted@2x.png */,
				C7C99FAA15B98F29006B3865 /* green_pin_jump_frame0.png */,
				C7C99FAB15B98F29006B3865 /* green_pin_jump_frame0@2x.png */,
				C7C99FAC15B98F29006B3865 /* green_pin_jump_frame1.png */,
				C7C99FAD15B98F29006B3865 /* green_pin_jump_frame1@2x.png */,
				C7C99FAE15B98F29006B3865 /* green_pin_jump_frame2.png */,
				C7C99FAF15B98F29006B3865 /* green_pin_jump_frame2@2x.png */,
				C7C99FB015B98F29006B3865 /* green_pin_jump_frame3.png */,
				C7C99FB115B98F29006B3865 /* green_pin_jump_frame3@2x.png */,
				C7C99FB215B98F29006B3865 /* green_pin_jump_frame4.png */,
				C7C99FB315B98F29006B3865 /* green_pin_jump_frame4@2x.png */,
				C7C99FB415B98F29006B3865 /* green_pin_jump_frame5.png */,
				C7C99FB515B98F29006B3865 /* green_pin_jump_frame5@2x.png */,
				C7C99FB615B98F29006B3865 /* green_pin_jump_frame6.png */,
				C7C99FB715B98F29006B3865 /* green_pin_jump_frame6@2x.png */,
				C7C99FB815B98F29006B3865 /* purple_pin.png */,
				C7C99FB915B98F29006B3865 /* purple_pin@2x.png */,
				C7C99FBA15B98F29006B3865 /* purple_pin_bounce_frame0.png */,
				C7C99FBB15B98F29006B3865 /* purple_pin_bounce_frame0@2x.png */,
				C7C99FBC15B98F29006B3865 /* purple_pin_bounce_frame1.png */,
				C7C99FBD15B98F29006B3865 /* purple_pin_bounce_frame1@2x.png */,
				C7C99FBE15B98F29006B3865 /* purple_pin_bounce_frame2.png */,
				C7C99FBF15B98F29006B3865 /* purple_pin_bounce_frame2@2x.png */,
				C7C99FC015B98F29006B3865 /* purple_pin_bounce_frame3.png */,
				C7C99FC115B98F29006B3865 /* purple_pin_bounce_frame3@2x.png */,
				C7C99FC215B98F29006B3865 /* purple_pin_bounce_frame4.png */,
				C7C99FC315B98F29006B3865 /* purple_pin_bounce_frame4@2x.png */,
				C7C99FC415B98F29006B3865 /* purple_pin_bounce_frame5.png */,
				C7C99FC515B98F29006B3865 /* purple_pin_bounce_frame5@2x.png */,
				C7C99FC615B98F29006B3865 /* purple_pin_floating.png */,
				C7C99FC715B98F29006B3865 /* purple_pin_floating@2x.png */,
				C7C99FC815B98F29006B3865 /* purple_pin_highlighted.png */,
				C7C99FC915B98F29006B3865 /* purple_pin_highlighted@2x.png */,
				C7C99FCA15B98F29006B3865 /* purple_pin_jump_frame0.png */,
				C7C99FCB15B98F29006B3865 /* purple_pin_jump_frame0@2x.png */,
				C7C99FCC15B98F29006B3865 /* purple_pin_jump_frame1.png */,
				C7C99FCD15B98F29006B3865 /* purple_pin_jump_frame1@2x.png */,
				C7C99FCE15B98F29006B3865 /* purple_pin_jump_frame2.png */,
				C7C99FCF15B98F29006B3865 /* purple_pin_jump_frame2@2x.png */,
				C7C99FD015B98F29006B3865 /* purple_pin_jump_frame3.png */,
				C7C99FD115B98F29006B3865 /* purple_pin_jump_frame3@2x.png */,
				C7C99FD215B98F29006B3865 /* purple_pin_jump_frame4.png */,
				C7C99FD315B98F29006B3865 /* purple_pin_jump_frame4@2x.png */,
				C7C99FD415B98F29006B3865 /* purple_pin_jump_frame5.png */,
				C7C99FD515B98F29006B3865 /* purple_pin_jump_frame5@2x.png */,
				C7C99FD615B98F29006B3865 /* purple_pin_jump_frame6.png */,
				C7C99FD715B98F29006B3865 /* purple_pin_jump_frame6@2x.png */,
				C7C99FD815B98F29006B3865 /* red_pin.png */,
				C7C99FD915B98F29006B3865 /* red_pin@2x.png */,
				C7C99FDA15B98F29006B3865 /* red_pin_bounce_frame0.png */,
				C7C99FDB15B98F29006B3865 /* red_pin_bounce_frame0@2x.png */,
				C7C99FDC15B98F29006B3865 /* red_pin_bounce_frame1.png */,
				C7C99FDD15B98F29006B3865 /* red_pin_bounce_frame1@2x.png */,
				C7C99FDE15B98F29006B3865 /* red_pin_bounce_frame2.png */,
				C7C99FDF15B98F29006B3865 /* red_pin_bounce_frame2@2x.png */,
				C7C99FE015B98F29006B3865 /* red_pin_bounce_frame3.png */,
				C7C99FE115B98F29006B3865 /* red_pin_bounce_frame3@2x.png */,
				C7C99FE215B98F29006B3865 /* red_pin_bounce_frame4.png */,
				C7C99FE315B98F29006B3865 /* red_pin_bounce_frame4@2x.png */,
				C7C99FE415B98F29006B3865 /* red_pin_bounce_frame5.png */,
				C7C99FE515B98F29006B3865 /* red_pin_bounce_frame5@2x.png */,
				C7C99FE615B98F29006B3865 /* red_pin_floating.png */,
				C7C99FE715B98F29006B3865 /* red_pin_floating@2x.png */,
				C7C99FE815B98F29006B3865 /* red_pin_highlighted.png */,
				C7C99FE915B98F29006B3865 /* red_pin_highlighted@2x.png */,
				C7C99FEA15B98F29006B3865 /* red_pin_jump_frame0.png */,
				C7C99FEB15B98F29006B3865 /* red_pin_jump_frame0@2x.png */,
				C7C99FEC15B98F29006B3865 /* red_pin_jump_frame1.png */,
				C7C99FED15B98F29006B3865 /* red_pin_jump_frame1@2x.png */,
				C7C99FEE15B98F29006B3865 /* red_pin_jump_frame2.png */,
				C7C99FEF15B98F29006B3865 /* red_pin_jump_frame2@2x.png */,
				C7C99FF015B98F29006B3865 /* red_pin_jump_frame3.png */,
				C7C99FF115B98F29006B3865 /* red_pin_jump_frame3@2x.png */,
				C7C99FF215B98F29006B3865 /* red_pin_jump_frame4.png */,
				C7C99FF315B98F29006B3865 /* red_pin_jump_frame4@2x.png */,
				C7C99FF415B98F29006B3865 /* red_pin_jump_frame5.png */,
				C7C99FF515B98F29006B3865 /* red_pin_jump_frame5@2x.png */,
				C7C99FF615B98F29006B3865 /* red_pin_jump_frame6.png */,
				C7C99FF715B98F29006B3865 /* red_pin_jump_frame6@2x.png */,
				C7C99FF815B98F29006B3865 /* shadow_pin.png */,
				C7C99FF915B98F29006B3865 /* shadow_pin@2x.png */,
			);
			path = Graphics;
			sourceTree = "<group>";
		};
/* End PBXGroup section */

/* Begin PBXNativeTarget section */
		C72A65DA15B4D1A600E95458 /* CPPinAnnotationView */ = {
			isa = PBXNativeTarget;
			buildConfigurationList = C72A660E15B4D1A600E95458 /* Build configuration list for PBXNativeTarget "CPPinAnnotationView" */;
			buildPhases = (
				C72A65D715B4D1A600E95458 /* Sources */,
				C72A65D815B4D1A600E95458 /* Frameworks */,
				C72A65D915B4D1A600E95458 /* Resources */,
			);
			buildRules = (
			);
			dependencies = (
			);
			name = CPPinAnnotationView;
			productName = CPPinAnnotationView;
			productReference = C72A65DB15B4D1A600E95458 /* CPPinAnnotationView.app */;
			productType = "com.apple.product-type.application";
		};
		C72A65FB15B4D1A600E95458 /* CPPinAnnotationViewTests */ = {
			isa = PBXNativeTarget;
			buildConfigurationList = C72A661115B4D1A600E95458 /* Build configuration list for PBXNativeTarget "CPPinAnnotationViewTests" */;
			buildPhases = (
				C72A65F715B4D1A600E95458 /* Sources */,
				C72A65F815B4D1A600E95458 /* Frameworks */,
				C72A65F915B4D1A600E95458 /* Resources */,
				C72A65FA15B4D1A600E95458 /* ShellScript */,
			);
			buildRules = (
			);
			dependencies = (
				C72A660215B4D1A600E95458 /* PBXTargetDependency */,
			);
			name = CPPinAnnotationViewTests;
			productName = CPPinAnnotationViewTests;
			productReference = C72A65FC15B4D1A600E95458 /* CPPinAnnotationViewTests.octest */;
			productType = "com.apple.product-type.bundle";
		};
/* End PBXNativeTarget section */

/* Begin PBXProject section */
		C72A65D215B4D1A600E95458 /* Project object */ = {
			isa = PBXProject;
			attributes = {
				CLASSPREFIX = CP;
				LastUpgradeCheck = 0450;
				ORGANIZATIONNAME = "Bird and Bear Industries";
			};
			buildConfigurationList = C72A65D515B4D1A600E95458 /* Build configuration list for PBXProject "CPPinAnnotationView" */;
			compatibilityVersion = "Xcode 3.2";
			developmentRegion = English;
			hasScannedForEncodings = 0;
			knownRegions = (
				en,
			);
			mainGroup = C72A65D015B4D1A600E95458;
			productRefGroup = C72A65DC15B4D1A600E95458 /* Products */;
			projectDirPath = "";
			projectRoot = "";
			targets = (
				C72A65DA15B4D1A600E95458 /* CPPinAnnotationView */,
				C72A65FB15B4D1A600E95458 /* CPPinAnnotationViewTests */,
			);
		};
/* End PBXProject section */

/* Begin PBXResourcesBuildPhase section */
		C72A65D915B4D1A600E95458 /* Resources */ = {
			isa = PBXResourcesBuildPhase;
			buildActionMask = 2147483647;
			files = (
				C72A65EA15B4D1A600E95458 /* InfoPlist.strings in Resources */,
				C72A65F315B4D1A600E95458 /* MainStoryboard.storyboard in Resources */,
				C72A661E15B4D2A700E95458 /* Tjuvholmen.gpx in Resources */,
				C7C99FFA15B98F29006B3865 /* green_pin.png in Resources */,
				C7C99FFB15B98F29006B3865 /* green_pin@2x.png in Resources */,
				C7C99FFC15B98F29006B3865 /* green_pin_bounce_frame0.png in Resources */,
				C7C99FFD15B98F29006B3865 /* green_pin_bounce_frame0@2x.png in Resources */,
				C7C99FFE15B98F29006B3865 /* green_pin_bounce_frame1.png in Resources */,
				C7C99FFF15B98F29006B3865 /* green_pin_bounce_frame1@2x.png in Resources */,
				C7C9A00015B98F29006B3865 /* green_pin_bounce_frame2.png in Resources */,
				C7C9A00115B98F29006B3865 /* green_pin_bounce_frame2@2x.png in Resources */,
				C7C9A00215B98F29006B3865 /* green_pin_bounce_frame3.png in Resources */,
				C7C9A00315B98F29006B3865 /* green_pin_bounce_frame3@2x.png in Resources */,
				C7C9A00415B98F29006B3865 /* green_pin_bounce_frame4.png in Resources */,
				C7C9A00515B98F29006B3865 /* green_pin_bounce_frame4@2x.png in Resources */,
				C7C9A00615B98F29006B3865 /* green_pin_bounce_frame5.png in Resources */,
				C7C9A00715B98F29006B3865 /* green_pin_bounce_frame5@2x.png in Resources */,
				C7C9A00815B98F29006B3865 /* green_pin_floating.png in Resources */,
				C7C9A00915B98F29006B3865 /* green_pin_floating@2x.png in Resources */,
				C7C9A00A15B98F29006B3865 /* green_pin_highlighted.png in Resources */,
				C7C9A00B15B98F29006B3865 /* green_pin_highlighted@2x.png in Resources */,
				C7C9A00C15B98F29006B3865 /* green_pin_jump_frame0.png in Resources */,
				C7C9A00D15B98F29006B3865 /* green_pin_jump_frame0@2x.png in Resources */,
				C7C9A00E15B98F29006B3865 /* green_pin_jump_frame1.png in Resources */,
				C7C9A00F15B98F29006B3865 /* green_pin_jump_frame1@2x.png in Resources */,
				C7C9A01015B98F29006B3865 /* green_pin_jump_frame2.png in Resources */,
				C7C9A01115B98F29006B3865 /* green_pin_jump_frame2@2x.png in Resources */,
				C7C9A01215B98F29006B3865 /* green_pin_jump_frame3.png in Resources */,
				C7C9A01315B98F29006B3865 /* green_pin_jump_frame3@2x.png in Resources */,
				C7C9A01415B98F29006B3865 /* green_pin_jump_frame4.png in Resources */,
				C7C9A01515B98F29006B3865 /* green_pin_jump_frame4@2x.png in Resources */,
				C7C9A01615B98F29006B3865 /* green_pin_jump_frame5.png in Resources */,
				C7C9A01715B98F29006B3865 /* green_pin_jump_frame5@2x.png in Resources */,
				C7C9A01815B98F29006B3865 /* green_pin_jump_frame6.png in Resources */,
				C7C9A01915B98F29006B3865 /* green_pin_jump_frame6@2x.png in Resources */,
				C7C9A01A15B98F29006B3865 /* purple_pin.png in Resources */,
				C7C9A01B15B98F29006B3865 /* purple_pin@2x.png in Resources */,
				C7C9A01C15B98F29006B3865 /* purple_pin_bounce_frame0.png in Resources */,
				C7C9A01D15B98F29006B3865 /* purple_pin_bounce_frame0@2x.png in Resources */,
				C7C9A01E15B98F29006B3865 /* purple_pin_bounce_frame1.png in Resources */,
				C7C9A01F15B98F29006B3865 /* purple_pin_bounce_frame1@2x.png in Resources */,
				C7C9A02015B98F29006B3865 /* purple_pin_bounce_frame2.png in Resources */,
				C7C9A02115B98F29006B3865 /* purple_pin_bounce_frame2@2x.png in Resources */,
				C7C9A02215B98F29006B3865 /* purple_pin_bounce_frame3.png in Resources */,
				C7C9A02315B98F29006B3865 /* purple_pin_bounce_frame3@2x.png in Resources */,
				C7C9A02415B98F29006B3865 /* purple_pin_bounce_frame4.png in Resources */,
				C7C9A02515B98F29006B3865 /* purple_pin_bounce_frame4@2x.png in Resources */,
				C7C9A02615B98F29006B3865 /* purple_pin_bounce_frame5.png in Resources */,
				C7C9A02715B98F29006B3865 /* purple_pin_bounce_frame5@2x.png in Resources */,
				C7C9A02815B98F29006B3865 /* purple_pin_floating.png in Resources */,
				C7C9A02915B98F29006B3865 /* purple_pin_floating@2x.png in Resources */,
				C7C9A02A15B98F29006B3865 /* purple_pin_highlighted.png in Resources */,
				C7C9A02B15B98F29006B3865 /* purple_pin_highlighted@2x.png in Resources */,
				C7C9A02C15B98F29006B3865 /* purple_pin_jump_frame0.png in Resources */,
				C7C9A02D15B98F29006B3865 /* purple_pin_jump_frame0@2x.png in Resources */,
				C7C9A02E15B98F29006B3865 /* purple_pin_jump_frame1.png in Resources */,
				C7C9A02F15B98F29006B3865 /* purple_pin_jump_frame1@2x.png in Resources */,
				C7C9A03015B98F29006B3865 /* purple_pin_jump_frame2.png in Resources */,
				C7C9A03115B98F29006B3865 /* purple_pin_jump_frame2@2x.png in Resources */,
				C7C9A03215B98F29006B3865 /* purple_pin_jump_frame3.png in Resources */,
				C7C9A03315B98F29006B3865 /* purple_pin_jump_frame3@2x.png in Resources */,
				C7C9A03415B98F29006B3865 /* purple_pin_jump_frame4.png in Resources */,
				C7C9A03515B98F29006B3865 /* purple_pin_jump_frame4@2x.png in Resources */,
				C7C9A03615B98F29006B3865 /* purple_pin_jump_frame5.png in Resources */,
				C7C9A03715B98F29006B3865 /* purple_pin_jump_frame5@2x.png in Resources */,
				C7C9A03815B98F29006B3865 /* purple_pin_jump_frame6.png in Resources */,
				C7C9A03915B98F29006B3865 /* purple_pin_jump_frame6@2x.png in Resources */,
				C7C9A03A15B98F29006B3865 /* red_pin.png in Resources */,
				C7C9A03B15B98F29006B3865 /* red_pin@2x.png in Resources */,
				C7C9A03C15B98F29006B3865 /* red_pin_bounce_frame0.png in Resources */,
				C7C9A03D15B98F29006B3865 /* red_pin_bounce_frame0@2x.png in Resources */,
				C7C9A03E15B98F29006B3865 /* red_pin_bounce_frame1.png in Resources */,
				C7C9A03F15B98F29006B3865 /* red_pin_bounce_frame1@2x.png in Resources */,
				C7C9A04015B98F29006B3865 /* red_pin_bounce_frame2.png in Resources */,
				C7C9A04115B98F29006B3865 /* red_pin_bounce_frame2@2x.png in Resources */,
				C7C9A04215B98F29006B3865 /* red_pin_bounce_frame3.png in Resources */,
				C7C9A04315B98F29006B3865 /* red_pin_bounce_frame3@2x.png in Resources */,
				C7C9A04415B98F29006B3865 /* red_pin_bounce_frame4.png in Resources */,
				C7C9A04515B98F29006B3865 /* red_pin_bounce_frame4@2x.png in Resources */,
				C7C9A04615B98F29006B3865 /* red_pin_bounce_frame5.png in Resources */,
				C7C9A04715B98F29006B3865 /* red_pin_bounce_frame5@2x.png in Resources */,
				C7C9A04815B98F29006B3865 /* red_pin_floating.png in Resources */,
				C7C9A04915B98F29006B3865 /* red_pin_floating@2x.png in Resources */,
				C7C9A04A15B98F29006B3865 /* red_pin_highlighted.png in Resources */,
				C7C9A04B15B98F29006B3865 /* red_pin_highlighted@2x.png in Resources */,
				C7C9A04C15B98F29006B3865 /* red_pin_jump_frame0.png in Resources */,
				C7C9A04D15B98F29006B3865 /* red_pin_jump_frame0@2x.png in Resources */,
				C7C9A04E15B98F29006B3865 /* red_pin_jump_frame1.png in Resources */,
				C7C9A04F15B98F29006B3865 /* red_pin_jump_frame1@2x.png in Resources */,
				C7C9A05015B98F29006B3865 /* red_pin_jump_frame2.png in Resources */,
				C7C9A05115B98F29006B3865 /* red_pin_jump_frame2@2x.png in Resources */,
				C7C9A05215B98F29006B3865 /* red_pin_jump_frame3.png in Resources */,
				C7C9A05315B98F29006B3865 /* red_pin_jump_frame3@2x.png in Resources */,
				C7C9A05415B98F29006B3865 /* red_pin_jump_frame4.png in Resources */,
				C7C9A05515B98F29006B3865 /* red_pin_jump_frame4@2x.png in Resources */,
				C7C9A05615B98F29006B3865 /* red_pin_jump_frame5.png in Resources */,
				C7C9A05715B98F29006B3865 /* red_pin_jump_frame5@2x.png in Resources */,
				C7C9A05815B98F29006B3865 /* red_pin_jump_frame6.png in Resources */,
				C7C9A05915B98F29006B3865 /* red_pin_jump_frame6@2x.png in Resources */,
				C7C9A05A15B98F29006B3865 /* shadow_pin.png in Resources */,
				C7C9A05B15B98F29006B3865 /* shadow_pin@2x.png in Resources */,
			);
			runOnlyForDeploymentPostprocessing = 0;
		};
		C72A65F915B4D1A600E95458 /* Resources */ = {
			isa = PBXResourcesBuildPhase;
			buildActionMask = 2147483647;
			files = (
				C72A660815B4D1A600E95458 /* InfoPlist.strings in Resources */,
			);
			runOnlyForDeploymentPostprocessing = 0;
		};
/* End PBXResourcesBuildPhase section */

/* Begin PBXShellScriptBuildPhase section */
		C72A65FA15B4D1A600E95458 /* ShellScript */ = {
			isa = PBXShellScriptBuildPhase;
			buildActionMask = 2147483647;
			files = (
			);
			inputPaths = (
			);
			outputPaths = (
			);
			runOnlyForDeploymentPostprocessing = 0;
			shellPath = /bin/sh;
			shellScript = "# Run the unit tests in this test bundle.\n\"${SYSTEM_DEVELOPER_DIR}/Tools/RunUnitTests\"\n";
		};
/* End PBXShellScriptBuildPhase section */

/* Begin PBXSourcesBuildPhase section */
		C72A65D715B4D1A600E95458 /* Sources */ = {
			isa = PBXSourcesBuildPhase;
			buildActionMask = 2147483647;
			files = (
				C72A65EC15B4D1A600E95458 /* main.m in Sources */,
				C72A65F015B4D1A600E95458 /* CPAppDelegate.m in Sources */,
				C72A65F615B4D1A600E95458 /* CPViewController.m in Sources */,
				C7DF04C515B73FCE002C63B8 /* CPPinAnnotation.m in Sources */,
				C723B14C15B75299006D8A0B /* CPPinAnnotationView.m in Sources */,
				C73623DA15BB36CA00FA0AB2 /* CPCalloutView.m in Sources */,
				C73F0ED815BDECAF005930A4 /* CPLoggerProxy.m in Sources */,
			);
			runOnlyForDeploymentPostprocessing = 0;
		};
		C72A65F715B4D1A600E95458 /* Sources */ = {
			isa = PBXSourcesBuildPhase;
			buildActionMask = 2147483647;
			files = (
				C72A660B15B4D1A600E95458 /* CPPinAnnotationViewTests.m in Sources */,
			);
			runOnlyForDeploymentPostprocessing = 0;
		};
/* End PBXSourcesBuildPhase section */

/* Begin PBXTargetDependency section */
		C72A660215B4D1A600E95458 /* PBXTargetDependency */ = {
			isa = PBXTargetDependency;
			target = C72A65DA15B4D1A600E95458 /* CPPinAnnotationView */;
			targetProxy = C72A660115B4D1A600E95458 /* PBXContainerItemProxy */;
		};
/* End PBXTargetDependency section */

/* Begin PBXVariantGroup section */
		C72A65E815B4D1A600E95458 /* InfoPlist.strings */ = {
			isa = PBXVariantGroup;
			children = (
				C72A65E915B4D1A600E95458 /* en */,
			);
			name = InfoPlist.strings;
			sourceTree = "<group>";
		};
		C72A65F115B4D1A600E95458 /* MainStoryboard.storyboard */ = {
			isa = PBXVariantGroup;
			children = (
				C72A65F215B4D1A600E95458 /* en */,
			);
			name = MainStoryboard.storyboard;
			sourceTree = "<group>";
		};
		C72A660615B4D1A600E95458 /* InfoPlist.strings */ = {
			isa = PBXVariantGroup;
			children = (
				C72A660715B4D1A600E95458 /* en */,
			);
			name = InfoPlist.strings;
			sourceTree = "<group>";
		};
/* End PBXVariantGroup section */

/* Begin XCBuildConfiguration section */
		C72A660C15B4D1A600E95458 /* Debug */ = {
			isa = XCBuildConfiguration;
			buildSettings = {
				ALWAYS_SEARCH_USER_PATHS = NO;
				CLANG_CXX_LANGUAGE_STANDARD = "gnu++0x";
				CLANG_WARN__DUPLICATE_METHOD_MATCH = YES;
				"CODE_SIGN_IDENTITY[sdk=iphoneos*]" = "iPhone Developer";
				COPY_PHASE_STRIP = NO;
				GCC_C_LANGUAGE_STANDARD = gnu99;
				GCC_DYNAMIC_NO_PIC = NO;
				GCC_OPTIMIZATION_LEVEL = 0;
				GCC_PREPROCESSOR_DEFINITIONS = (
					"DEBUG=1",
					"$(inherited)",
				);
				GCC_SYMBOLS_PRIVATE_EXTERN = NO;
				GCC_WARN_ABOUT_RETURN_TYPE = YES;
				GCC_WARN_UNINITIALIZED_AUTOS = YES;
				GCC_WARN_UNUSED_VARIABLE = YES;
				IPHONEOS_DEPLOYMENT_TARGET = 5.0;
				SDKROOT = iphoneos;
			};
			name = Debug;
		};
		C72A660D15B4D1A600E95458 /* Release */ = {
			isa = XCBuildConfiguration;
			buildSettings = {
				ALWAYS_SEARCH_USER_PATHS = NO;
				CLANG_CXX_LANGUAGE_STANDARD = "gnu++0x";
				CLANG_WARN__DUPLICATE_METHOD_MATCH = YES;
				"CODE_SIGN_IDENTITY[sdk=iphoneos*]" = "iPhone Developer";
				COPY_PHASE_STRIP = YES;
				GCC_C_LANGUAGE_STANDARD = gnu99;
				GCC_WARN_ABOUT_RETURN_TYPE = YES;
				GCC_WARN_UNINITIALIZED_AUTOS = YES;
				GCC_WARN_UNUSED_VARIABLE = YES;
				IPHONEOS_DEPLOYMENT_TARGET = 5.0;
				OTHER_CFLAGS = "-DNS_BLOCK_ASSERTIONS=1";
				SDKROOT = iphoneos;
				VALIDATE_PRODUCT = YES;
			};
			name = Release;
		};
		C72A660F15B4D1A600E95458 /* Debug */ = {
			isa = XCBuildConfiguration;
			buildSettings = {
				GCC_PRECOMPILE_PREFIX_HEADER = YES;
				GCC_PREFIX_HEADER = "CPPinAnnotationView/CPPinAnnotationView-Prefix.pch";
				INFOPLIST_FILE = "CPPinAnnotationView/CPPinAnnotationView-Info.plist";
				IPHONEOS_DEPLOYMENT_TARGET = 5.0;
				PRODUCT_NAME = "$(TARGET_NAME)";
				WRAPPER_EXTENSION = app;
			};
			name = Debug;
		};
		C72A661015B4D1A600E95458 /* Release */ = {
			isa = XCBuildConfiguration;
			buildSettings = {
				GCC_PRECOMPILE_PREFIX_HEADER = YES;
				GCC_PREFIX_HEADER = "CPPinAnnotationView/CPPinAnnotationView-Prefix.pch";
				INFOPLIST_FILE = "CPPinAnnotationView/CPPinAnnotationView-Info.plist";
				IPHONEOS_DEPLOYMENT_TARGET = 5.0;
				PRODUCT_NAME = "$(TARGET_NAME)";
				WRAPPER_EXTENSION = app;
			};
			name = Release;
		};
		C72A661215B4D1A600E95458 /* Debug */ = {
			isa = XCBuildConfiguration;
			buildSettings = {
				BUNDLE_LOADER = "$(BUILT_PRODUCTS_DIR)/CPPinAnnotationView.app/CPPinAnnotationView";
				FRAMEWORK_SEARCH_PATHS = (
					"\"$(SDKROOT)/Developer/Library/Frameworks\"",
					"\"$(DEVELOPER_LIBRARY_DIR)/Frameworks\"",
				);
				GCC_PRECOMPILE_PREFIX_HEADER = YES;
				GCC_PREFIX_HEADER = "CPPinAnnotationView/CPPinAnnotationView-Prefix.pch";
				INFOPLIST_FILE = "CPPinAnnotationViewTests/CPPinAnnotationViewTests-Info.plist";
				IPHONEOS_DEPLOYMENT_TARGET = 5.0;
				PRODUCT_NAME = "$(TARGET_NAME)";
				TEST_HOST = "$(BUNDLE_LOADER)";
				WRAPPER_EXTENSION = octest;
			};
			name = Debug;
		};
		C72A661315B4D1A600E95458 /* Release */ = {
			isa = XCBuildConfiguration;
			buildSettings = {
				BUNDLE_LOADER = "$(BUILT_PRODUCTS_DIR)/CPPinAnnotationView.app/CPPinAnnotationView";
				FRAMEWORK_SEARCH_PATHS = (
					"\"$(SDKROOT)/Developer/Library/Frameworks\"",
					"\"$(DEVELOPER_LIBRARY_DIR)/Frameworks\"",
				);
				GCC_PRECOMPILE_PREFIX_HEADER = YES;
				GCC_PREFIX_HEADER = "CPPinAnnotationView/CPPinAnnotationView-Prefix.pch";
				INFOPLIST_FILE = "CPPinAnnotationViewTests/CPPinAnnotationViewTests-Info.plist";
				IPHONEOS_DEPLOYMENT_TARGET = 5.0;
				PRODUCT_NAME = "$(TARGET_NAME)";
				TEST_HOST = "$(BUNDLE_LOADER)";
				WRAPPER_EXTENSION = octest;
			};
			name = Release;
		};
/* End XCBuildConfiguration section */

/* Begin XCConfigurationList section */
		C72A65D515B4D1A600E95458 /* Build configuration list for PBXProject "CPPinAnnotationView" */ = {
			isa = XCConfigurationList;
			buildConfigurations = (
				C72A660C15B4D1A600E95458 /* Debug */,
				C72A660D15B4D1A600E95458 /* Release */,
			);
			defaultConfigurationIsVisible = 0;
			defaultConfigurationName = Release;
		};
		C72A660E15B4D1A600E95458 /* Build configuration list for PBXNativeTarget "CPPinAnnotationView" */ = {
			isa = XCConfigurationList;
			buildConfigurations = (
				C72A660F15B4D1A600E95458 /* Debug */,
				C72A661015B4D1A600E95458 /* Release */,
			);
			defaultConfigurationIsVisible = 0;
			defaultConfigurationName = Release;
		};
		C72A661115B4D1A600E95458 /* Build configuration list for PBXNativeTarget "CPPinAnnotationViewTests" */ = {
			isa = XCConfigurationList;
			buildConfigurations = (
				C72A661215B4D1A600E95458 /* Debug */,
				C72A661315B4D1A600E95458 /* Release */,
			);
			defaultConfigurationIsVisible = 0;
			defaultConfigurationName = Release;
		};
/* End XCConfigurationList section */
	};
	rootObject = C72A65D215B4D1A600E95458 /* Project object */;
}
